
Microsoft Visual Studio Solution File, Format Version 12.00
# Visual Studio Version 17
VisualStudioVersion = 17.14.36623.8 d17.14
MinimumVisualStudioVersion = 10.0.40219.1
Project("{FAE04EC0-301F-11D3-BF4B-00C04F79EFBC}") = "TokoAlatTulisDesktop", "TokoAlatTulisDesktop\TokoAlatTulisDesktop.csproj", "{CDCECC95-7168-4389-9FCB-15451EFDDD63}"
EndProject
Global
	GlobalSection(SolutionConfigurationPlatforms) = preSolution
		Debug|Any CPU = Debug|Any CPU
		Release|Any CPU = Release|Any CPU
	EndGlobalSection
	GlobalSection(ProjectConfigurationPlatforms) = postSolution
		{CDCECC95-7168-4389-9FCB-15451EFDDD63}.Debug|Any CPU.ActiveCfg = Debug|Any CPU
		{CDCECC95-7168-4389-9FCB-15451EFDDD63}.Debug|Any CPU.Build.0 = Debug|Any CPU
		{CDCECC95-7168-4389-9FCB-15451EFDDD63}.Release|Any CPU.ActiveCfg = Release|Any CPU
		{CDCECC95-7168-4389-9FCB-15451EFDDD63}.Release|Any CPU.Build.0 = Release|Any CPU
	EndGlobalSection
	GlobalSection(SolutionProperties) = preSolution
		HideSolutionNode = FALSE
	EndGlobalSection
	GlobalSection(ExtensibilityGlobals) = postSolution
		SolutionGuid = {6835350A-0B2F-40ED-A08F-6FF6FFF46AC3}
	EndGlobalSection
EndGlobal
